Microsoft Visual Studio Solution File, Format Version 12.00
# Visual Studio 15
VisualStudioVersion = 15.0.26124.0
MinimumVisualStudioVersion = 15.0.26124.0
Project("{9A19103F-16F7-4668-BE54-9A1E7A4F7556}") = "Domain", "Domain\Domain.csproj", "{7279A06E-7647-40C3-887A-C4915604D02E}"
EndProject
Project("{9A19103F-16F7-4668-BE54-9A1E7A4F7556}") = "Tests", "Tests\Tests.csproj", "{B640B213-38F3-419B-8FB1-8962A4C4C682}"
EndProject
Project("{9A19103F-16F7-4668-BE54-9A1E7A4F7556}") = "DapperDb", "DapperDb\DapperDb.csproj", "{96787B0F-4E89-4AFC-B887-820C25660681}"
EndProject
Project("{9A19103F-16F7-4668-BE54-9A1E7A4F7556}") = "DapperTests", "DapperTests\DapperTests.csproj", "{E63B22E0-B8CD-4F01-8FE2-10D2FF1E9FB0}"
EndProject
Global
	GlobalSection(SolutionConfigurationPlatforms) = preSolution
		Debug|Any CPU = Debug|Any CPU
		Debug|x64 = Debug|x64
		Debug|x86 = Debug|x86
		Release|Any CPU = Release|Any CPU
		Release|x64 = Release|x64
		Release|x86 = Release|x86
	EndGlobalSection
	GlobalSection(ProjectConfigurationPlatforms) = postSolution
		{7279A06E-7647-40C3-887A-C4915604D02E}.Debug|Any CPU.ActiveCfg = Debug|Any CPU
		{7279A06E-7647-40C3-887A-C4915604D02E}.Debug|Any CPU.Build.0 = Debug|Any CPU
		{7279A06E-7647-40C3-887A-C4915604D02E}.Debug|x64.ActiveCfg = Debug|Any CPU
		{7279A06E-7647-40C3-887A-C4915604D02E}.Debug|x64.Build.0 = Debug|Any CPU
		{7279A06E-7647-40C3-887A-C4915604D02E}.Debug|x86.ActiveCfg = Debug|Any CPU
		{7279A06E-7647-40C3-887A-C4915604D02E}.Debug|x86.Build.0 = Debug|Any CPU
		{7279A06E-7647-40C3-887A-C4915604D02E}.Release|Any CPU.ActiveCfg = Release|Any CPU
		{7279A06E-7647-40C3-887A-C4915604D02E}.Release|Any CPU.Build.0 = Release|Any CPU
		{7279A06E-7647-40C3-887A-C4915604D02E}.Release|x64.ActiveCfg = Release|Any CPU
		{7279A06E-7647-40C3-887A-C4915604D02E}.Release|x64.Build.0 = Release|Any CPU
		{7279A06E-7647-40C3-887A-C4915604D02E}.Release|x86.ActiveCfg = Release|Any CPU
		{7279A06E-7647-40C3-887A-C4915604D02E}.Release|x86.Build.0 = Release|Any CPU
		{B640B213-38F3-419B-8FB1-8962A4C4C682}.Debug|Any CPU.ActiveCfg = Debug|Any CPU
		{B640B213-38F3-419B-8FB1-8962A4C4C682}.Debug|Any CPU.Build.0 = Debug|Any CPU
		{B640B213-38F3-419B-8FB1-8962A4C4C682}.Debug|x64.ActiveCfg = Debug|Any CPU
		{B640B213-38F3-419B-8FB1-8962A4C4C682}.Debug|x64.Build.0 = Debug|Any CPU
		{B640B213-38F3-419B-8FB1-8962A4C4C682}.Debug|x86.ActiveCfg = Debug|Any CPU
		{B640B213-38F3-419B-8FB1-8962A4C4C682}.Debug|x86.Build.0 = Debug|Any CPU
		{B640B213-38F3-419B-8FB1-8962A4C4C682}.Release|Any CPU.ActiveCfg = Release|Any CPU
		{B640B213-38F3-419B-8FB1-8962A4C4C682}.Release|Any CPU.Build.0 = Release|Any CPU
		{B640B213-38F3-419B-8FB1-8962A4C4C682}.Release|x64.ActiveCfg = Release|Any CPU
		{B640B213-38F3-419B-8FB1-8962A4C4C682}.Release|x64.Build.0 = Release|Any CPU
		{B640B213-38F3-419B-8FB1-8962A4C4C682}.Release|x86.ActiveCfg = Release|Any CPU
		{B640B213-38F3-419B-8FB1-8962A4C4C682}.Release|x86.Build.0 = Release|Any CPU
		{96787B0F-4E89-4AFC-B887-820C25660681}.Debug|Any CPU.ActiveCfg = Debug|Any CPU
		{96787B0F-4E89-4AFC-B887-820C25660681}.Debug|Any CPU.Build.0 = Debug|Any CPU
		{96787B0F-4E89-4AFC-B887-820C25660681}.Debug|x64.ActiveCfg = Debug|Any CPU
		{96787B0F-4E89-4AFC-B887-820C25660681}.Debug|x64.Build.0 = Debug|Any CPU
		{96787B0F-4E89-4AFC-B887-820C25660681}.Debug|x86.ActiveCfg = Debug|Any CPU
		{96787B0F-4E89-4AFC-B887-820C25660681}.Debug|x86.Build.0 = Debug|Any CPU
		{96787B0F-4E89-4AFC-B887-820C25660681}.Release|Any CPU.ActiveCfg = Release|Any CPU
		{96787B0F-4E89-4AFC-B887-820C25660681}.Release|Any CPU.Build.0 = Release|Any CPU
		{96787B0F-4E89-4AFC-B887-820C25660681}.Release|x64.ActiveCfg = Release|Any CPU
		{96787B0F-4E89-4AFC-B887-820C25660681}.Release|x64.Build.0 = Release|Any CPU
		{96787B0F-4E89-4AFC-B887-820C25660681}.Release|x86.ActiveCfg = Release|Any CPU
		{96787B0F-4E89-4AFC-B887-820C25660681}.Release|x86.Build.0 = Release|Any CPU
		{E63B22E0-B8CD-4F01-8FE2-10D2FF1E9FB0}.Debug|Any CPU.ActiveCfg = Debug|Any CPU
		{E63B22E0-B8CD-4F01-8FE2-10D2FF1E9FB0}.Debug|Any CPU.Build.0 = Debug|Any CPU
		{E63B22E0-B8CD-4F01-8FE2-10D2FF1E9FB0}.Debug|x64.ActiveCfg = Debug|Any CPU
		{E63B22E0-B8CD-4F01-8FE2-10D2FF1E9FB0}.Debug|x64.Build.0 = Debug|Any CPU
		{E63B22E0-B8CD-4F01-8FE2-10D2FF1E9FB0}.Debug|x86.ActiveCfg = Debug|Any CPU
		{E63B22E0-B8CD-4F01-8FE2-10D2FF1E9FB0}.Debug|x86.Build.0 = Debug|Any CPU
		{E63B22E0-B8CD-4F01-8FE2-10D2FF1E9FB0}.Release|Any CPU.ActiveCfg = Release|Any CPU
		{E63B22E0-B8CD-4F01-8FE2-10D2FF1E9FB0}.Release|Any CPU.Build.0 = Release|Any CPU
		{E63B22E0-B8CD-4F01-8FE2-10D2FF1E9FB0}.Release|x64.ActiveCfg = Release|Any CPU
		{E63B22E0-B8CD-4F01-8FE2-10D2FF1E9FB0}.Release|x64.Build.0 = Release|Any CPU
		{E63B22E0-B8CD-4F01-8FE2-10D2FF1E9FB0}.Release|x86.ActiveCfg = Release|Any CPU
		{E63B22E0-B8CD-4F01-8FE2-10D2FF1E9FB0}.Release|x86.Build.0 = Release|Any CPU
	EndGlobalSection
	GlobalSection(SolutionProperties) = preSolution
		HideSolutionNode = FALSE
	EndGlobalSection
	GlobalSection(ExtensibilityGlobals) = postSolution
		SolutionGuid = {8BBD5297-8578-4E00-B1E0-E7CA02A6CAF6}
	EndGlobalSection
EndGlobal
